
Microsoft Visual Studio Solution File, Format Version 12.00
# Visual Studio 15
VisualStudioVersion = 15.0.26124.0
MinimumVisualStudioVersion = 15.0.26124.0
Project("{FAE04EC0-301F-11D3-BF4B-00C04F79EFBC}") = "Domain", "Domain\Domain.csproj", "{65846212-5338-4EE6-A07D-A699EF04300E}"
EndProject
Project("{FAE04EC0-301F-11D3-BF4B-00C04F79EFBC}") = "Application", "Application\Application.csproj", "{07666DFC-32CA-4C60-994A-1DD210455AAF}"
EndProject
Project("{FAE04EC0-301F-11D3-BF4B-00C04F79EFBC}") = "Persistence", "Persistence\Persistence.csproj", "{094BEA02-099B-4820-8237-FB8F96963855}"
EndProject
Project("{FAE04EC0-301F-11D3-BF4B-00C04F79EFBC}") = "API", "API\API.csproj", "{7F8DBEA7-7E87-4BCE-8977-3E02655E81A2}"
EndProject
Global
	GlobalSection(SolutionConfigurationPlatforms) = preSolution
		Debug|Any CPU = Debug|Any CPU
		Debug|x64 = Debug|x64
		Debug|x86 = Debug|x86
		Release|Any CPU = Release|Any CPU
		Release|x64 = Release|x64
		Release|x86 = Release|x86
	EndGlobalSection
	GlobalSection(SolutionProperties) = preSolution
		HideSolutionNode = FALSE
	EndGlobalSection
	GlobalSection(ProjectConfigurationPlatforms) = postSolution
		{65846212-5338-4EE6-A07D-A699EF04300E}.Debug|Any CPU.ActiveCfg = Debug|Any CPU
		{65846212-5338-4EE6-A07D-A699EF04300E}.Debug|Any CPU.Build.0 = Debug|Any CPU
		{65846212-5338-4EE6-A07D-A699EF04300E}.Debug|x64.ActiveCfg = Debug|Any CPU
		{65846212-5338-4EE6-A07D-A699EF04300E}.Debug|x64.Build.0 = Debug|Any CPU
		{65846212-5338-4EE6-A07D-A699EF04300E}.Debug|x86.ActiveCfg = Debug|Any CPU
		{65846212-5338-4EE6-A07D-A699EF04300E}.Debug|x86.Build.0 = Debug|Any CPU
		{65846212-5338-4EE6-A07D-A699EF04300E}.Release|Any CPU.ActiveCfg = Release|Any CPU
		{65846212-5338-4EE6-A07D-A699EF04300E}.Release|Any CPU.Build.0 = Release|Any CPU
		{65846212-5338-4EE6-A07D-A699EF04300E}.Release|x64.ActiveCfg = Release|Any CPU
		{65846212-5338-4EE6-A07D-A699EF04300E}.Release|x64.Build.0 = Release|Any CPU
		{65846212-5338-4EE6-A07D-A699EF04300E}.Release|x86.ActiveCfg = Release|Any CPU
		{65846212-5338-4EE6-A07D-A699EF04300E}.Release|x86.Build.0 = Release|Any CPU
		{07666DFC-32CA-4C60-994A-1DD210455AAF}.Debug|Any CPU.ActiveCfg = Debug|Any CPU
		{07666DFC-32CA-4C60-994A-1DD210455AAF}.Debug|Any CPU.Build.0 = Debug|Any CPU
		{07666DFC-32CA-4C60-994A-1DD210455AAF}.Debug|x64.ActiveCfg = Debug|Any CPU
		{07666DFC-32CA-4C60-994A-1DD210455AAF}.Debug|x64.Build.0 = Debug|Any CPU
		{07666DFC-32CA-4C60-994A-1DD210455AAF}.Debug|x86.ActiveCfg = Debug|Any CPU
		{07666DFC-32CA-4C60-994A-1DD210455AAF}.Debug|x86.Build.0 = Debug|Any CPU
		{07666DFC-32CA-4C60-994A-1DD210455AAF}.Release|Any CPU.ActiveCfg = Release|Any CPU
		{07666DFC-32CA-4C60-994A-1DD210455AAF}.Release|Any CPU.Build.0 = Release|Any CPU
		{07666DFC-32CA-4C60-994A-1DD210455AAF}.Release|x64.ActiveCfg = Release|Any CPU
		{07666DFC-32CA-4C60-994A-1DD210455AAF}.Release|x64.Build.0 = Release|Any CPU
		{07666DFC-32CA-4C60-994A-1DD210455AAF}.Release|x86.ActiveCfg = Release|Any CPU
		{07666DFC-32CA-4C60-994A-1DD210455AAF}.Release|x86.Build.0 = Release|Any CPU
		{094BEA02-099B-4820-8237-FB8F96963855}.Debug|Any CPU.ActiveCfg = Debug|Any CPU
		{094BEA02-099B-4820-8237-FB8F96963855}.Debug|Any CPU.Build.0 = Debug|Any CPU
		{094BEA02-099B-4820-8237-FB8F96963855}.Debug|x64.ActiveCfg = Debug|Any CPU
		{094BEA02-099B-4820-8237-FB8F96963855}.Debug|x64.Build.0 = Debug|Any CPU
		{094BEA02-099B-4820-8237-FB8F96963855}.Debug|x86.ActiveCfg = Debug|Any CPU
		{094BEA02-099B-4820-8237-FB8F96963855}.Debug|x86.Build.0 = Debug|Any CPU
		{094BEA02-099B-4820-8237-FB8F96963855}.Release|Any CPU.ActiveCfg = Release|Any CPU
		{094BEA02-099B-4820-8237-FB8F96963855}.Release|Any CPU.Build.0 = Release|Any CPU
		{094BEA02-099B-4820-8237-FB8F96963855}.Release|x64.ActiveCfg = Release|Any CPU
		{094BEA02-099B-4820-8237-FB8F96963855}.Release|x64.Build.0 = Release|Any CPU
		{094BEA02-099B-4820-8237-FB8F96963855}.Release|x86.ActiveCfg = Release|Any CPU
		{094BEA02-099B-4820-8237-FB8F96963855}.Release|x86.Build.0 = Release|Any CPU
		{7F8DBEA7-7E87-4BCE-8977-3E02655E81A2}.Debug|Any CPU.ActiveCfg = Debug|Any CPU
		{7F8DBEA7-7E87-4BCE-8977-3E02655E81A2}.Debug|Any CPU.Build.0 = Debug|Any CPU
		{7F8DBEA7-7E87-4BCE-8977-3E02655E81A2}.Debug|x64.ActiveCfg = Debug|Any CPU
		{7F8DBEA7-7E87-4BCE-8977-3E02655E81A2}.Debug|x64.Build.0 = Debug|Any CPU
		{7F8DBEA7-7E87-4BCE-8977-3E02655E81A2}.Debug|x86.ActiveCfg = Debug|Any CPU
		{7F8DBEA7-7E87-4BCE-8977-3E02655E81A2}.Debug|x86.Build.0 = Debug|Any CPU
		{7F8DBEA7-7E87-4BCE-8977-3E02655E81A2}.Release|Any CPU.ActiveCfg = Release|Any CPU
		{7F8DBEA7-7E87-4BCE-8977-3E02655E81A2}.Release|Any CPU.Build.0 = Release|Any CPU
		{7F8DBEA7-7E87-4BCE-8977-3E02655E81A2}.Release|x64.ActiveCfg = Release|Any CPU
		{7F8DBEA7-7E87-4BCE-8977-3E02655E81A2}.Release|x64.Build.0 = Release|Any CPU
		{7F8DBEA7-7E87-4BCE-8977-3E02655E81A2}.Release|x86.ActiveCfg = Release|Any CPU
		{7F8DBEA7-7E87-4BCE-8977-3E02655E81A2}.Release|x86.Build.0 = Release|Any CPU
	EndGlobalSection
EndGlobal
